{
  "version": "4",
  "specifiers": {
    "jsr:@std/assert@*": "1.0.11",
    "jsr:@std/internal@^1.0.5": "1.0.5",
    "npm:validator@13.15.0": "13.15.0"
  },
  "jsr": {
    "@std/assert@1.0.11": {
      "integrity": "2461ef3c368fe88bc60e186e7744a93112f16fd110022e113a0849e94d1c83c1",
      "dependencies": [
        "jsr:@std/internal"
      ]
    },
    "@std/internal@1.0.5": {
      "integrity": "54a546004f769c1ac9e025abd15a76b6671ddc9687e2313b67376125650dc7ba"
    }
  },
  "npm": {
    "validator@13.15.0": {
      "integrity": "sha512-36B2ryl4+oL5QxZ3AzD0t5SsMNGvTtQHpjgFO5tbNxfXbMFkY822ktCDe1MnlqV3301QQI9SLHDNJokDI+Z9pA=="
    }
  },
  "workspace": {
    "dependencies": [
      "jsr:@supabase/functions-js@*",
      "jsr:@supabase/supabase-js@2",
      "npm:@google/generative-ai@*",
      "npm:@supabase/storage-js@2.7.1",
      "npm:@types/express@*",
      "npm:@types/validator@*",
      "npm:base64-arraybuffer@*",
      "npm:express@4.21.2",
      "npm:reflect-metadata@0.2.2",
      "npm:validator@13.15.0",
      "npm:weaviate-ts-client@2.2.0"
    ]
  }
}
